// !$*UTF8*$!
{
	archiveVersion = 1;
	classes = {
	};
	objectVersion = 55;
	objects = {

/* Begin PBXBuildFile section */
		0DBBA66067307CEBCD00D3C5 /* libPods-AllTrailsAtLunch.a in Frameworks */ = {isa = PBXBuildFile; fileRef = 8FAE1F92828EE1F2440CA7A3 /* libPods-AllTrailsAtLunch.a */; };
		FEF6FACD283057D600CAFC5E /* AppDelegate.swift in Sources */ = {isa = PBXBuildFile; fileRef = FEF6FACC283057D600CAFC5E /* AppDelegate.swift */; };
		FEF6FACF283057D600CAFC5E /* SceneDelegate.swift in Sources */ = {isa = PBXBuildFile; fileRef = FEF6FACE283057D600CAFC5E /* SceneDelegate.swift */; };
		FEF6FAD4283057D600CAFC5E /* Main.storyboard in Resources */ = {isa = PBXBuildFile; fileRef = FEF6FAD2283057D600CAFC5E /* Main.storyboard */; };
		FEF6FAD6283057D700CAFC5E /* Assets.xcassets in Resources */ = {isa = PBXBuildFile; fileRef = FEF6FAD5283057D700CAFC5E /* Assets.xcassets */; };
		FEF6FAD9283057D700CAFC5E /* LaunchScreen.storyboard in Resources */ = {isa = PBXBuildFile; fileRef = FEF6FAD7283057D700CAFC5E /* LaunchScreen.storyboard */; };
		FEF6FAE3283058AF00CAFC5E /* PesentationProtocols.swift in Sources */ = {isa = PBXBuildFile; fileRef = FEF6FAE2283058AF00CAFC5E /* PesentationProtocols.swift */; };
		FEF6FAE628313E0700CAFC5E /* LayoutReadyViewController.swift in Sources */ = {isa = PBXBuildFile; fileRef = FEF6FAE528313E0700CAFC5E /* LayoutReadyViewController.swift */; };
		FEF6FAE8283167AF00CAFC5E /* ContainerSwitchViewController.swift in Sources */ = {isa = PBXBuildFile; fileRef = FEF6FAE7283167AF00CAFC5E /* ContainerSwitchViewController.swift */; };
		FEF6FAEA2832D86000CAFC5E /* ContainerSwitchPresenter.swift in Sources */ = {isa = PBXBuildFile; fileRef = FEF6FAE92832D86000CAFC5E /* ContainerSwitchPresenter.swift */; };
		FEF6FAF22834501D00CAFC5E /* DomainProtocols.swift in Sources */ = {isa = PBXBuildFile; fileRef = FEF6FAF12834501D00CAFC5E /* DomainProtocols.swift */; };
		FEF6FAF52834588B00CAFC5E /* LocationDataSource.swift in Sources */ = {isa = PBXBuildFile; fileRef = FEF6FAF42834588B00CAFC5E /* LocationDataSource.swift */; };
		FEF6FAF8283459B800CAFC5E /* LocationManager.swift in Sources */ = {isa = PBXBuildFile; fileRef = FEF6FAF7283459B800CAFC5E /* LocationManager.swift */; };
		FEF6FAFB2835756200CAFC5E /* LocationPermissionsEntity.swift in Sources */ = {isa = PBXBuildFile; fileRef = FEF6FAFA2835756200CAFC5E /* LocationPermissionsEntity.swift */; };
		FEF6FAFD283575C300CAFC5E /* DomainErrors.swift in Sources */ = {isa = PBXBuildFile; fileRef = FEF6FAFC283575C300CAFC5E /* DomainErrors.swift */; };
		FEF6FB00283576F800CAFC5E /* String+Extension.swift in Sources */ = {isa = PBXBuildFile; fileRef = FEF6FAFF283576F800CAFC5E /* String+Extension.swift */; };
		FEF6FB032835A3F900CAFC5E /* DiscoveryViewController.swift in Sources */ = {isa = PBXBuildFile; fileRef = FEF6FB022835A3F900CAFC5E /* DiscoveryViewController.swift */; };
		FEF6FB052835A40600CAFC5E /* DiscoveryViewController.xib in Resources */ = {isa = PBXBuildFile; fileRef = FEF6FB042835A40600CAFC5E /* DiscoveryViewController.xib */; };
		FEF6FB072835A41C00CAFC5E /* DiscoveryViewPresenter.swift in Sources */ = {isa = PBXBuildFile; fileRef = FEF6FB062835A41C00CAFC5E /* DiscoveryViewPresenter.swift */; };
		FEF6FB0F2835AB8B00CAFC5E /* TroubleshootViewController.swift in Sources */ = {isa = PBXBuildFile; fileRef = FEF6FB0E2835AB8B00CAFC5E /* TroubleshootViewController.swift */; };
		FEF6FB112835AB9800CAFC5E /* TroubleshootViewController.xib in Resources */ = {isa = PBXBuildFile; fileRef = FEF6FB102835AB9800CAFC5E /* TroubleshootViewController.xib */; };
		FEF6FB142835ABB000CAFC5E /* TroubleshootPresenter.swift in Sources */ = {isa = PBXBuildFile; fileRef = FEF6FB132835ABB000CAFC5E /* TroubleshootPresenter.swift */; };
		FEF6FB162835CA6A00CAFC5E /* RequestLocationPermissionsEntity.swift in Sources */ = {isa = PBXBuildFile; fileRef = FEF6FB152835CA6A00CAFC5E /* RequestLocationPermissionsEntity.swift */; };
		FEF6FB192835D26200CAFC5E /* Obfuscator.swift in Sources */ = {isa = PBXBuildFile; fileRef = FEF6FB182835D26200CAFC5E /* Obfuscator.swift */; };
		FEF6FB1B2835D34E00CAFC5E /* GooglePlacesDataSource.swift in Sources */ = {isa = PBXBuildFile; fileRef = FEF6FB1A2835D34E00CAFC5E /* GooglePlacesDataSource.swift */; };
		FEF6FB202836079800CAFC5E /* UIButton+Extension.swift in Sources */ = {isa = PBXBuildFile; fileRef = FEF6FB1F2836079800CAFC5E /* UIButton+Extension.swift */; };
		FEF6FB222836094C00CAFC5E /* MapViewController.xib in Resources */ = {isa = PBXBuildFile; fileRef = FEF6FB212836094C00CAFC5E /* MapViewController.xib */; };
		FEF6FB252836095F00CAFC5E /* MapViewController.swift in Sources */ = {isa = PBXBuildFile; fileRef = FEF6FB242836095F00CAFC5E /* MapViewController.swift */; };
		FEF6FB272836099F00CAFC5E /* MapPresenter.swift in Sources */ = {isa = PBXBuildFile; fileRef = FEF6FB262836099F00CAFC5E /* MapPresenter.swift */; };
		FEF6FB292836140100CAFC5E /* ListViewController.xib in Resources */ = {isa = PBXBuildFile; fileRef = FEF6FB282836140100CAFC5E /* ListViewController.xib */; };
		FEF6FB2B2836141000CAFC5E /* ListViewController.swift in Sources */ = {isa = PBXBuildFile; fileRef = FEF6FB2A2836141000CAFC5E /* ListViewController.swift */; };
		FEF6FB2D2836146E00CAFC5E /* ListViewPresenter.swift in Sources */ = {isa = PBXBuildFile; fileRef = FEF6FB2C2836146E00CAFC5E /* ListViewPresenter.swift */; };
		FEF6FB2F28361D1700CAFC5E /* CurrentLocationEntity.swift in Sources */ = {isa = PBXBuildFile; fileRef = FEF6FB2E28361D1700CAFC5E /* CurrentLocationEntity.swift */; };
/* End PBXBuildFile section */

/* Begin PBXFileReference section */
		8B6F520B16280EAA5875215A /* Pods-AllTrailsAtLunch.release.xcconfig */ = {isa = PBXFileReference; includeInIndex = 1; lastKnownFileType = text.xcconfig; name = "Pods-AllTrailsAtLunch.release.xcconfig"; path = "Target Support Files/Pods-AllTrailsAtLunch/Pods-AllTrailsAtLunch.release.xcconfig"; sourceTree = "<group>"; };
		8FAE1F92828EE1F2440CA7A3 /* libPods-AllTrailsAtLunch.a */ = {isa = PBXFileReference; explicitFileType = archive.ar; includeInIndex = 0; path = "libPods-AllTrailsAtLunch.a"; sourceTree = BUILT_PRODUCTS_DIR; };
		CA93456A80C63185E1E63998 /* Pods-AllTrailsAtLunch.debug.xcconfig */ = {isa = PBXFileReference; includeInIndex = 1; lastKnownFileType = text.xcconfig; name = "Pods-AllTrailsAtLunch.debug.xcconfig"; path = "Target Support Files/Pods-AllTrailsAtLunch/Pods-AllTrailsAtLunch.debug.xcconfig"; sourceTree = "<group>"; };
		FEF6FAC9283057D600CAFC5E /* AllTrailsAtLunch.app */ = {isa = PBXFileReference; explicitFileType = wrapper.application; includeInIndex = 0; path = AllTrailsAtLunch.app; sourceTree = BUILT_PRODUCTS_DIR; };
		FEF6FACC283057D600CAFC5E /* AppDelegate.swift */ = {isa = PBXFileReference; lastKnownFileType = sourcecode.swift; path = AppDelegate.swift; sourceTree = "<group>"; };
		FEF6FACE283057D600CAFC5E /* SceneDelegate.swift */ = {isa = PBXFileReference; lastKnownFileType = sourcecode.swift; path = SceneDelegate.swift; sourceTree = "<group>"; };
		FEF6FAD3283057D600CAFC5E /* Base */ = {isa = PBXFileReference; lastKnownFileType = file.storyboard; name = Base; path = Base.lproj/Main.storyboard; sourceTree = "<group>"; };
		FEF6FAD5283057D700CAFC5E /* Assets.xcassets */ = {isa = PBXFileReference; lastKnownFileType = folder.assetcatalog; path = Assets.xcassets; sourceTree = "<group>"; };
		FEF6FAD8283057D700CAFC5E /* Base */ = {isa = PBXFileReference; lastKnownFileType = file.storyboard; name = Base; path = Base.lproj/LaunchScreen.storyboard; sourceTree = "<group>"; };
		FEF6FADA283057D700CAFC5E /* Info.plist */ = {isa = PBXFileReference; lastKnownFileType = text.plist.xml; path = Info.plist; sourceTree = "<group>"; };
		FEF6FAE2283058AF00CAFC5E /* PesentationProtocols.swift */ = {isa = PBXFileReference; lastKnownFileType = sourcecode.swift; path = PesentationProtocols.swift; sourceTree = "<group>"; };
		FEF6FAE528313E0700CAFC5E /* LayoutReadyViewController.swift */ = {isa = PBXFileReference; lastKnownFileType = sourcecode.swift; path = LayoutReadyViewController.swift; sourceTree = "<group>"; };
		FEF6FAE7283167AF00CAFC5E /* ContainerSwitchViewController.swift */ = {isa = PBXFileReference; lastKnownFileType = sourcecode.swift; path = ContainerSwitchViewController.swift; sourceTree = "<group>"; };
		FEF6FAE92832D86000CAFC5E /* ContainerSwitchPresenter.swift */ = {isa = PBXFileReference; lastKnownFileType = sourcecode.swift; path = ContainerSwitchPresenter.swift; sourceTree = "<group>"; };
		FEF6FAF12834501D00CAFC5E /* DomainProtocols.swift */ = {isa = PBXFileReference; lastKnownFileType = sourcecode.swift; path = DomainProtocols.swift; sourceTree = "<group>"; };
		FEF6FAF42834588B00CAFC5E /* LocationDataSource.swift */ = {isa = PBXFileReference; lastKnownFileType = sourcecode.swift; path = LocationDataSource.swift; sourceTree = "<group>"; };
		FEF6FAF7283459B800CAFC5E /* LocationManager.swift */ = {isa = PBXFileReference; lastKnownFileType = sourcecode.swift; path = LocationManager.swift; sourceTree = "<group>"; };
		FEF6FAFA2835756200CAFC5E /* LocationPermissionsEntity.swift */ = {isa = PBXFileReference; lastKnownFileType = sourcecode.swift; path = LocationPermissionsEntity.swift; sourceTree = "<group>"; };
		FEF6FAFC283575C300CAFC5E /* DomainErrors.swift */ = {isa = PBXFileReference; lastKnownFileType = sourcecode.swift; path = DomainErrors.swift; sourceTree = "<group>"; };
		FEF6FAFF283576F800CAFC5E /* String+Extension.swift */ = {isa = PBXFileReference; lastKnownFileType = sourcecode.swift; path = "String+Extension.swift"; sourceTree = "<group>"; };
		FEF6FB022835A3F900CAFC5E /* DiscoveryViewController.swift */ = {isa = PBXFileReference; lastKnownFileType = sourcecode.swift; path = DiscoveryViewController.swift; sourceTree = "<group>"; };
		FEF6FB042835A40600CAFC5E /* DiscoveryViewController.xib */ = {isa = PBXFileReference; lastKnownFileType = file.xib; path = DiscoveryViewController.xib; sourceTree = "<group>"; };
		FEF6FB062835A41C00CAFC5E /* DiscoveryViewPresenter.swift */ = {isa = PBXFileReference; lastKnownFileType = sourcecode.swift; path = DiscoveryViewPresenter.swift; sourceTree = "<group>"; };
		FEF6FB0E2835AB8B00CAFC5E /* TroubleshootViewController.swift */ = {isa = PBXFileReference; lastKnownFileType = sourcecode.swift; path = TroubleshootViewController.swift; sourceTree = "<group>"; };
		FEF6FB102835AB9800CAFC5E /* TroubleshootViewController.xib */ = {isa = PBXFileReference; lastKnownFileType = file.xib; path = TroubleshootViewController.xib; sourceTree = "<group>"; };
		FEF6FB132835ABB000CAFC5E /* TroubleshootPresenter.swift */ = {isa = PBXFileReference; lastKnownFileType = sourcecode.swift; path = TroubleshootPresenter.swift; sourceTree = "<group>"; };
		FEF6FB152835CA6A00CAFC5E /* RequestLocationPermissionsEntity.swift */ = {isa = PBXFileReference; lastKnownFileType = sourcecode.swift; path = RequestLocationPermissionsEntity.swift; sourceTree = "<group>"; };
		FEF6FB182835D26200CAFC5E /* Obfuscator.swift */ = {isa = PBXFileReference; lastKnownFileType = sourcecode.swift; path = Obfuscator.swift; sourceTree = "<group>"; };
		FEF6FB1A2835D34E00CAFC5E /* GooglePlacesDataSource.swift */ = {isa = PBXFileReference; lastKnownFileType = sourcecode.swift; path = GooglePlacesDataSource.swift; sourceTree = "<group>"; };
		FEF6FB1F2836079800CAFC5E /* UIButton+Extension.swift */ = {isa = PBXFileReference; lastKnownFileType = sourcecode.swift; path = "UIButton+Extension.swift"; sourceTree = "<group>"; };
		FEF6FB212836094C00CAFC5E /* MapViewController.xib */ = {isa = PBXFileReference; lastKnownFileType = file.xib; path = MapViewController.xib; sourceTree = "<group>"; };
		FEF6FB242836095F00CAFC5E /* MapViewController.swift */ = {isa = PBXFileReference; lastKnownFileType = sourcecode.swift; path = MapViewController.swift; sourceTree = "<group>"; };
		FEF6FB262836099F00CAFC5E /* MapPresenter.swift */ = {isa = PBXFileReference; lastKnownFileType = sourcecode.swift; path = MapPresenter.swift; sourceTree = "<group>"; };
		FEF6FB282836140100CAFC5E /* ListViewController.xib */ = {isa = PBXFileReference; lastKnownFileType = file.xib; path = ListViewController.xib; sourceTree = "<group>"; };
		FEF6FB2A2836141000CAFC5E /* ListViewController.swift */ = {isa = PBXFileReference; lastKnownFileType = sourcecode.swift; path = ListViewController.swift; sourceTree = "<group>"; };
		FEF6FB2C2836146E00CAFC5E /* ListViewPresenter.swift */ = {isa = PBXFileReference; lastKnownFileType = sourcecode.swift; path = ListViewPresenter.swift; sourceTree = "<group>"; };
		FEF6FB2E28361D1700CAFC5E /* CurrentLocationEntity.swift */ = {isa = PBXFileReference; lastKnownFileType = sourcecode.swift; path = CurrentLocationEntity.swift; sourceTree = "<group>"; };
/* End PBXFileReference section */

/* Begin PBXFrameworksBuildPhase section */
		FEF6FAC6283057D600CAFC5E /* Frameworks */ = {
			isa = PBXFrameworksBuildPhase;
			buildActionMask = 2147483647;
			files = (
				0DBBA66067307CEBCD00D3C5 /* libPods-AllTrailsAtLunch.a in Frameworks */,
			);
			runOnlyForDeploymentPostprocessing = 0;
		};
/* End PBXFrameworksBuildPhase section */

/* Begin PBXGroup section */
		59FB46C9B3D4E1D4E60F20FE /* Pods */ = {
			isa = PBXGroup;
			children = (
				CA93456A80C63185E1E63998 /* Pods-AllTrailsAtLunch.debug.xcconfig */,
				8B6F520B16280EAA5875215A /* Pods-AllTrailsAtLunch.release.xcconfig */,
			);
			path = Pods;
			sourceTree = "<group>";
		};
		C1B17C040C052BB035813164 /* Frameworks */ = {
			isa = PBXGroup;
			children = (
				8FAE1F92828EE1F2440CA7A3 /* libPods-AllTrailsAtLunch.a */,
			);
			name = Frameworks;
			sourceTree = "<group>";
		};
		FEF6FAC0283057D600CAFC5E = {
			isa = PBXGroup;
			children = (
				FEF6FACB283057D600CAFC5E /* AllTrailsAtLunch */,
				FEF6FACA283057D600CAFC5E /* Products */,
				59FB46C9B3D4E1D4E60F20FE /* Pods */,
				C1B17C040C052BB035813164 /* Frameworks */,
			);
			sourceTree = "<group>";
		};
		FEF6FACA283057D600CAFC5E /* Products */ = {
			isa = PBXGroup;
			children = (
				FEF6FAC9283057D600CAFC5E /* AllTrailsAtLunch.app */,
			);
			name = Products;
			sourceTree = "<group>";
		};
		FEF6FACB283057D600CAFC5E /* AllTrailsAtLunch */ = {
			isa = PBXGroup;
			children = (
				FEF6FAFE283576F100CAFC5E /* Common */,
				FEF6FAE02830589E00CAFC5E /* Presentation */,
				FEF6FAEB2833E3B700CAFC5E /* Domain */,
				FEF6FAEC2833E3DB00CAFC5E /* Data */,
				FEF6FACC283057D600CAFC5E /* AppDelegate.swift */,
				FEF6FACE283057D600CAFC5E /* SceneDelegate.swift */,
				FEF6FAD5283057D700CAFC5E /* Assets.xcassets */,
				FEF6FAD7283057D700CAFC5E /* LaunchScreen.storyboard */,
				FEF6FADA283057D700CAFC5E /* Info.plist */,
			);
			path = AllTrailsAtLunch;
			sourceTree = "<group>";
		};
		FEF6FAE02830589E00CAFC5E /* Presentation */ = {
			isa = PBXGroup;
			children = (
				FEF6FB082835A61900CAFC5E /* Troubleshoot */,
				FEF6FB012835A3E800CAFC5E /* Discovery */,
				FEF6FAE428307A8200CAFC5E /* ContainerSwitch */,
				FEF6FAE1283058A300CAFC5E /* Common */,
			);
			path = Presentation;
			sourceTree = "<group>";
		};
		FEF6FAE1283058A300CAFC5E /* Common */ = {
			isa = PBXGroup;
			children = (
				FEF6FAE2283058AF00CAFC5E /* PesentationProtocols.swift */,
				FEF6FAE528313E0700CAFC5E /* LayoutReadyViewController.swift */,
			);
			path = Common;
			sourceTree = "<group>";
		};
		FEF6FAE428307A8200CAFC5E /* ContainerSwitch */ = {
			isa = PBXGroup;
			children = (
				FEF6FAE92832D86000CAFC5E /* ContainerSwitchPresenter.swift */,
				FEF6FAE7283167AF00CAFC5E /* ContainerSwitchViewController.swift */,
				FEF6FAD2283057D600CAFC5E /* Main.storyboard */,
			);
			path = ContainerSwitch;
			sourceTree = "<group>";
		};
		FEF6FAEB2833E3B700CAFC5E /* Domain */ = {
			isa = PBXGroup;
			children = (
				FEF6FAF92835752E00CAFC5E /* Entities */,
				FEF6FAF6283459B000CAFC5E /* Managers */,
				FEF6FAF028344FCC00CAFC5E /* Common */,
			);
			path = Domain;
			sourceTree = "<group>";
		};
		FEF6FAEC2833E3DB00CAFC5E /* Data */ = {
			isa = PBXGroup;
			children = (
				FEF6FAF42834588B00CAFC5E /* LocationDataSource.swift */,
				FEF6FB1A2835D34E00CAFC5E /* GooglePlacesDataSource.swift */,
			);
			path = Data;
			sourceTree = "<group>";
		};
		FEF6FAF028344FCC00CAFC5E /* Common */ = {
			isa = PBXGroup;
			children = (
				FEF6FAF12834501D00CAFC5E /* DomainProtocols.swift */,
				FEF6FAFC283575C300CAFC5E /* DomainErrors.swift */,
			);
			path = Common;
			sourceTree = "<group>";
		};
		FEF6FAF6283459B000CAFC5E /* Managers */ = {
			isa = PBXGroup;
			children = (
				FEF6FAF7283459B800CAFC5E /* LocationManager.swift */,
			);
			path = Managers;
			sourceTree = "<group>";
		};
		FEF6FAF92835752E00CAFC5E /* Entities */ = {
			isa = PBXGroup;
			children = (
				FEF6FAFA2835756200CAFC5E /* LocationPermissionsEntity.swift */,
				FEF6FB152835CA6A00CAFC5E /* RequestLocationPermissionsEntity.swift */,
				FEF6FB2E28361D1700CAFC5E /* CurrentLocationEntity.swift */,
			);
			path = Entities;
			sourceTree = "<group>";
		};
		FEF6FAFE283576F100CAFC5E /* Common */ = {
			isa = PBXGroup;
			children = (
				FEF6FAFF283576F800CAFC5E /* String+Extension.swift */,
				FEF6FB182835D26200CAFC5E /* Obfuscator.swift */,
				FEF6FB1F2836079800CAFC5E /* UIButton+Extension.swift */,
			);
			path = Common;
			sourceTree = "<group>";
		};
		FEF6FB012835A3E800CAFC5E /* Discovery */ = {
			isa = PBXGroup;
			children = (
				FEF6FB1E2835DAC500CAFC5E /* ListView */,
				FEF6FB1C2835DAB700CAFC5E /* MapView */,
				FEF6FB022835A3F900CAFC5E /* DiscoveryViewController.swift */,
				FEF6FB062835A41C00CAFC5E /* DiscoveryViewPresenter.swift */,
				FEF6FB042835A40600CAFC5E /* DiscoveryViewController.xib */,
			);
			path = Discovery;
			sourceTree = "<group>";
		};
		FEF6FB082835A61900CAFC5E /* Troubleshoot */ = {
			isa = PBXGroup;
			children = (
				FEF6FB0E2835AB8B00CAFC5E /* TroubleshootViewController.swift */,
				FEF6FB132835ABB000CAFC5E /* TroubleshootPresenter.swift */,
				FEF6FB102835AB9800CAFC5E /* TroubleshootViewController.xib */,
			);
			path = Troubleshoot;
			sourceTree = "<group>";
		};
		FEF6FB1C2835DAB700CAFC5E /* MapView */ = {
			isa = PBXGroup;
			children = (
				FEF6FB242836095F00CAFC5E /* MapViewController.swift */,
				FEF6FB262836099F00CAFC5E /* MapPresenter.swift */,
				FEF6FB212836094C00CAFC5E /* MapViewController.xib */,
			);
			path = MapView;
			sourceTree = "<group>";
		};
		FEF6FB1E2835DAC500CAFC5E /* ListView */ = {
			isa = PBXGroup;
			children = (
				FEF6FB282836140100CAFC5E /* ListViewController.xib */,
				FEF6FB2A2836141000CAFC5E /* ListViewController.swift */,
				FEF6FB2C2836146E00CAFC5E /* ListViewPresenter.swift */,
			);
			path = ListView;
			sourceTree = "<group>";
		};
/* End PBXGroup section */

/* Begin PBXNativeTarget section */
		FEF6FAC8283057D600CAFC5E /* AllTrailsAtLunch */ = {
			isa = PBXNativeTarget;
			buildConfigurationList = FEF6FADD283057D700CAFC5E /* Build configuration list for PBXNativeTarget "AllTrailsAtLunch" */;
			buildPhases = (
				8B2764DA76C779D526C00341 /* [CP] Check Pods Manifest.lock */,
				FEF6FAC5283057D600CAFC5E /* Sources */,
				FEF6FAC6283057D600CAFC5E /* Frameworks */,
				FEF6FAC7283057D600CAFC5E /* Resources */,
				502CD1542B641B71B2015969 /* [CP] Copy Pods Resources */,
			);
			buildRules = (
			);
			dependencies = (
			);
			name = AllTrailsAtLunch;
			productName = AllTrailsAtLunch;
			productReference = FEF6FAC9283057D600CAFC5E /* AllTrailsAtLunch.app */;
			productType = "com.apple.product-type.application";
		};
/* End PBXNativeTarget section */

/* Begin PBXProject section */
		FEF6FAC1283057D600CAFC5E /* Project object */ = {
			isa = PBXProject;
			attributes = {
				BuildIndependentTargetsInParallel = 1;
				LastSwiftUpdateCheck = 1330;
				LastUpgradeCheck = 1330;
				TargetAttributes = {
					FEF6FAC8283057D600CAFC5E = {
						CreatedOnToolsVersion = 13.3.1;
					};
				};
			};
			buildConfigurationList = FEF6FAC4283057D600CAFC5E /* Build configuration list for PBXProject "AllTrailsAtLunch" */;
			compatibilityVersion = "Xcode 13.0";
			developmentRegion = en;
			hasScannedForEncodings = 0;
			knownRegions = (
				en,
				Base,
			);
			mainGroup = FEF6FAC0283057D600CAFC5E;
			productRefGroup = FEF6FACA283057D600CAFC5E /* Products */;
			projectDirPath = "";
			projectRoot = "";
			targets = (
				FEF6FAC8283057D600CAFC5E /* AllTrailsAtLunch */,
			);
		};
/* End PBXProject section */

/* Begin PBXResourcesBuildPhase section */
		FEF6FAC7283057D600CAFC5E /* Resources */ = {
			isa = PBXResourcesBuildPhase;
			buildActionMask = 2147483647;
			files = (
				FEF6FB112835AB9800CAFC5E /* TroubleshootViewController.xib in Resources */,
				FEF6FB222836094C00CAFC5E /* MapViewController.xib in Resources */,
				FEF6FB292836140100CAFC5E /* ListViewController.xib in Resources */,
				FEF6FAD9283057D700CAFC5E /* LaunchScreen.storyboard in Resources */,
				FEF6FAD6283057D700CAFC5E /* Assets.xcassets in Resources */,
				FEF6FAD4283057D600CAFC5E /* Main.storyboard in Resources */,
				FEF6FB052835A40600CAFC5E /* DiscoveryViewController.xib in Resources */,
			);
			runOnlyForDeploymentPostprocessing = 0;
		};
/* End PBXResourcesBuildPhase section */

/* Begin PBXShellScriptBuildPhase section */
		502CD1542B641B71B2015969 /* [CP] Copy Pods Resources */ = {
			isa = PBXShellScriptBuildPhase;
			buildActionMask = 2147483647;
			files = (
			);
			inputFileListPaths = (
				"${PODS_ROOT}/Target Support Files/Pods-AllTrailsAtLunch/Pods-AllTrailsAtLunch-resources-${CONFIGURATION}-input-files.xcfilelist",
			);
			name = "[CP] Copy Pods Resources";
			outputFileListPaths = (
				"${PODS_ROOT}/Target Support Files/Pods-AllTrailsAtLunch/Pods-AllTrailsAtLunch-resources-${CONFIGURATION}-output-files.xcfilelist",
			);
			runOnlyForDeploymentPostprocessing = 0;
			shellPath = /bin/sh;
			shellScript = "\"${PODS_ROOT}/Target Support Files/Pods-AllTrailsAtLunch/Pods-AllTrailsAtLunch-resources.sh\"\n";
			showEnvVarsInLog = 0;
		};
		8B2764DA76C779D526C00341 /* [CP] Check Pods Manifest.lock */ = {
			isa = PBXShellScriptBuildPhase;
			buildActionMask = 2147483647;
			files = (
			);
			inputFileListPaths = (
			);
			inputPaths = (
				"${PODS_PODFILE_DIR_PATH}/Podfile.lock",
				"${PODS_ROOT}/Manifest.lock",
			);
			name = "[CP] Check Pods Manifest.lock";
			outputFileListPaths = (
			);
			outputPaths = (
				"$(DERIVED_FILE_DIR)/Pods-AllTrailsAtLunch-checkManifestLockResult.txt",
			);
			runOnlyForDeploymentPostprocessing = 0;
			shellPath = /bin/sh;
			shellScript = "diff \"${PODS_PODFILE_DIR_PATH}/Podfile.lock\" \"${PODS_ROOT}/Manifest.lock\" > /dev/null\nif [ $? != 0 ] ; then\n    # print error to STDERR\n    echo \"error: The sandbox is not in sync with the Podfile.lock. Run 'pod install' or update your CocoaPods installation.\" >&2\n    exit 1\nfi\n# This output is used by Xcode 'outputs' to avoid re-running this script phase.\necho \"SUCCESS\" > \"${SCRIPT_OUTPUT_FILE_0}\"\n";
			showEnvVarsInLog = 0;
		};
/* End PBXShellScriptBuildPhase section */

/* Begin PBXSourcesBuildPhase section */
		FEF6FAC5283057D600CAFC5E /* Sources */ = {
			isa = PBXSourcesBuildPhase;
			buildActionMask = 2147483647;
			files = (
				FEF6FB2F28361D1700CAFC5E /* CurrentLocationEntity.swift in Sources */,
				FEF6FAE3283058AF00CAFC5E /* PesentationProtocols.swift in Sources */,
				FEF6FB162835CA6A00CAFC5E /* RequestLocationPermissionsEntity.swift in Sources */,
				FEF6FAE628313E0700CAFC5E /* LayoutReadyViewController.swift in Sources */,
				FEF6FB272836099F00CAFC5E /* MapPresenter.swift in Sources */,
				FEF6FAEA2832D86000CAFC5E /* ContainerSwitchPresenter.swift in Sources */,
				FEF6FAE8283167AF00CAFC5E /* ContainerSwitchViewController.swift in Sources */,
				FEF6FB1B2835D34E00CAFC5E /* GooglePlacesDataSource.swift in Sources */,
				FEF6FAFB2835756200CAFC5E /* LocationPermissionsEntity.swift in Sources */,
				FEF6FAF52834588B00CAFC5E /* LocationDataSource.swift in Sources */,
				FEF6FB2D2836146E00CAFC5E /* ListViewPresenter.swift in Sources */,
				FEF6FAFD283575C300CAFC5E /* DomainErrors.swift in Sources */,
				FEF6FB072835A41C00CAFC5E /* DiscoveryViewPresenter.swift in Sources */,
				FEF6FB142835ABB000CAFC5E /* TroubleshootPresenter.swift in Sources */,
				FEF6FB00283576F800CAFC5E /* String+Extension.swift in Sources */,
				FEF6FB192835D26200CAFC5E /* Obfuscator.swift in Sources */,
				FEF6FB252836095F00CAFC5E /* MapViewController.swift in Sources */,
				FEF6FB2B2836141000CAFC5E /* ListViewController.swift in Sources */,
				FEF6FB202836079800CAFC5E /* UIButton+Extension.swift in Sources */,
				FEF6FAF22834501D00CAFC5E /* DomainProtocols.swift in Sources */,
				FEF6FACD283057D600CAFC5E /* AppDelegate.swift in Sources */,
				FEF6FB032835A3F900CAFC5E /* DiscoveryViewController.swift in Sources */,
				FEF6FB0F2835AB8B00CAFC5E /* TroubleshootViewController.swift in Sources */,
				FEF6FACF283057D600CAFC5E /* SceneDelegate.swift in Sources */,
				FEF6FAF8283459B800CAFC5E /* LocationManager.swift in Sources */,
			);
			runOnlyForDeploymentPostprocessing = 0;
		};
/* End PBXSourcesBuildPhase section */

/* Begin PBXVariantGroup section */
		FEF6FAD2283057D600CAFC5E /* Main.storyboard */ = {
			isa = PBXVariantGroup;
			children = (
				FEF6FAD3283057D600CAFC5E /* Base */,
			);
			name = Main.storyboard;
			sourceTree = "<group>";
		};
		FEF6FAD7283057D700CAFC5E /* LaunchScreen.storyboard */ = {
			isa = PBXVariantGroup;
			children = (
				FEF6FAD8283057D700CAFC5E /* Base */,
			);
			name = LaunchScreen.storyboard;
			sourceTree = "<group>";
		};
/* End PBXVariantGroup section */

/* Begin XCBuildConfiguration section */
		FEF6FADB283057D700CAFC5E /* Debug */ = {
			isa = XCBuildConfiguration;
			buildSettings = {
				ALWAYS_SEARCH_USER_PATHS = NO;
				CLANG_ANALYZER_NONNULL = YES;
				CLANG_ANALYZER_NUMBER_OBJECT_CONVERSION = YES_AGGRESSIVE;
				CLANG_CXX_LANGUAGE_STANDARD = "gnu++17";
				CLANG_ENABLE_MODULES = YES;
				CLANG_ENABLE_OBJC_ARC = YES;
				CLANG_ENABLE_OBJC_WEAK = YES;
				CLANG_WARN_BLOCK_CAPTURE_AUTORELEASING = YES;
				CLANG_WARN_BOOL_CONVERSION = YES;
				CLANG_WARN_COMMA = YES;
				CLANG_WARN_CONSTANT_CONVERSION = YES;
				CLANG_WARN_DEPRECATED_OBJC_IMPLEMENTATIONS = YES;
				CLANG_WARN_DIRECT_OBJC_ISA_USAGE = YES_ERROR;
				CLANG_WARN_DOCUMENTATION_COMMENTS = YES;
				CLANG_WARN_EMPTY_BODY = YES;
				CLANG_WARN_ENUM_CONVERSION = YES;
				CLANG_WARN_INFINITE_RECURSION = YES;
				CLANG_WARN_INT_CONVERSION = YES;
				CLANG_WARN_NON_LITERAL_NULL_CONVERSION = YES;
				CLANG_WARN_OBJC_IMPLICIT_RETAIN_SELF = YES;
				CLANG_WARN_OBJC_LITERAL_CONVERSION = YES;
				CLANG_WARN_OBJC_ROOT_CLASS = YES_ERROR;
				CLANG_WARN_QUOTED_INCLUDE_IN_FRAMEWORK_HEADER = YES;
				CLANG_WARN_RANGE_LOOP_ANALYSIS = YES;
				CLANG_WARN_STRICT_PROTOTYPES = YES;
				CLANG_WARN_SUSPICIOUS_MOVE = YES;
				CLANG_WARN_UNGUARDED_AVAILABILITY = YES_AGGRESSIVE;
				CLANG_WARN_UNREACHABLE_CODE = YES;
				CLANG_WARN__DUPLICATE_METHOD_MATCH = YES;
				COPY_PHASE_STRIP = NO;
				DEBUG_INFORMATION_FORMAT = dwarf;
				ENABLE_STRICT_OBJC_MSGSEND = YES;
				ENABLE_TESTABILITY = YES;
				GCC_C_LANGUAGE_STANDARD = gnu11;
				GCC_DYNAMIC_NO_PIC = NO;
				GCC_NO_COMMON_BLOCKS = YES;
				GCC_OPTIMIZATION_LEVEL = 0;
				GCC_PREPROCESSOR_DEFINITIONS = (
					"DEBUG=1",
					"$(inherited)",
				);
				GCC_WARN_64_TO_32_BIT_CONVERSION = YES;
				GCC_WARN_ABOUT_RETURN_TYPE = YES_ERROR;
				GCC_WARN_UNDECLARED_SELECTOR = YES;
				GCC_WARN_UNINITIALIZED_AUTOS = YES_AGGRESSIVE;
				GCC_WARN_UNUSED_FUNCTION = YES;
				GCC_WARN_UNUSED_VARIABLE = YES;
				IPHONEOS_DEPLOYMENT_TARGET = 15.4;
				MTL_ENABLE_DEBUG_INFO = INCLUDE_SOURCE;
				MTL_FAST_MATH = YES;
				ONLY_ACTIVE_ARCH = YES;
				SDKROOT = iphoneos;
				SWIFT_ACTIVE_COMPILATION_CONDITIONS = DEBUG;
				SWIFT_OPTIMIZATION_LEVEL = "-Onone";
			};
			name = Debug;
		};
		FEF6FADC283057D700CAFC5E /* Release */ = {
			isa = XCBuildConfiguration;
			buildSettings = {
				ALWAYS_SEARCH_USER_PATHS = NO;
				CLANG_ANALYZER_NONNULL = YES;
				CLANG_ANALYZER_NUMBER_OBJECT_CONVERSION = YES_AGGRESSIVE;
				CLANG_CXX_LANGUAGE_STANDARD = "gnu++17";
				CLANG_ENABLE_MODULES = YES;
				CLANG_ENABLE_OBJC_ARC = YES;
				CLANG_ENABLE_OBJC_WEAK = YES;
				CLANG_WARN_BLOCK_CAPTURE_AUTORELEASING = YES;
				CLANG_WARN_BOOL_CONVERSION = YES;
				CLANG_WARN_COMMA = YES;
				CLANG_WARN_CONSTANT_CONVERSION = YES;
				CLANG_WARN_DEPRECATED_OBJC_IMPLEMENTATIONS = YES;
				CLANG_WARN_DIRECT_OBJC_ISA_USAGE = YES_ERROR;
				CLANG_WARN_DOCUMENTATION_COMMENTS = YES;
				CLANG_WARN_EMPTY_BODY = YES;
				CLANG_WARN_ENUM_CONVERSION = YES;
				CLANG_WARN_INFINITE_RECURSION = YES;
				CLANG_WARN_INT_CONVERSION = YES;
				CLANG_WARN_NON_LITERAL_NULL_CONVERSION = YES;
				CLANG_WARN_OBJC_IMPLICIT_RETAIN_SELF = YES;
				CLANG_WARN_OBJC_LITERAL_CONVERSION = YES;
				CLANG_WARN_OBJC_ROOT_CLASS = YES_ERROR;
				CLANG_WARN_QUOTED_INCLUDE_IN_FRAMEWORK_HEADER = YES;
				CLANG_WARN_RANGE_LOOP_ANALYSIS = YES;
				CLANG_WARN_STRICT_PROTOTYPES = YES;
				CLANG_WARN_SUSPICIOUS_MOVE = YES;
				CLANG_WARN_UNGUARDED_AVAILABILITY = YES_AGGRESSIVE;
				CLANG_WARN_UNREACHABLE_CODE = YES;
				CLANG_WARN__DUPLICATE_METHOD_MATCH = YES;
				COPY_PHASE_STRIP = NO;
				DEBUG_INFORMATION_FORMAT = "dwarf-with-dsym";
				ENABLE_NS_ASSERTIONS = NO;
				ENABLE_STRICT_OBJC_MSGSEND = YES;
				GCC_C_LANGUAGE_STANDARD = gnu11;
				GCC_NO_COMMON_BLOCKS = YES;
				GCC_WARN_64_TO_32_BIT_CONVERSION = YES;
				GCC_WARN_ABOUT_RETURN_TYPE = YES_ERROR;
				GCC_WARN_UNDECLARED_SELECTOR = YES;
				GCC_WARN_UNINITIALIZED_AUTOS = YES_AGGRESSIVE;
				GCC_WARN_UNUSED_FUNCTION = YES;
				GCC_WARN_UNUSED_VARIABLE = YES;
				IPHONEOS_DEPLOYMENT_TARGET = 15.4;
				MTL_ENABLE_DEBUG_INFO = NO;
				MTL_FAST_MATH = YES;
				SDKROOT = iphoneos;
				SWIFT_COMPILATION_MODE = wholemodule;
				SWIFT_OPTIMIZATION_LEVEL = "-O";
				VALIDATE_PRODUCT = YES;
			};
			name = Release;
		};
		FEF6FADE283057D700CAFC5E /* Debug */ = {
			isa = XCBuildConfiguration;
			baseConfigurationReference = CA93456A80C63185E1E63998 /* Pods-AllTrailsAtLunch.debug.xcconfig */;
			buildSettings = {
				ASSETCATALOG_COMPILER_APPICON_NAME = AppIcon;
				ASSETCATALOG_COMPILER_GLOBAL_ACCENT_COLOR_NAME = AccentColor;
				CODE_SIGN_STYLE = Automatic;
				CURRENT_PROJECT_VERSION = 1;
				DEVELOPMENT_TEAM = DTFVEX3HCR;
				"EXCLUDED_ARCHS[sdk=iphonesimulator*]" = arm64;
				GENERATE_INFOPLIST_FILE = YES;
				INFOPLIST_FILE = AllTrailsAtLunch/Info.plist;
				INFOPLIST_KEY_UIApplicationSupportsIndirectInputEvents = YES;
				INFOPLIST_KEY_UILaunchStoryboardName = LaunchScreen;
				INFOPLIST_KEY_UIMainStoryboardFile = Main;
				INFOPLIST_KEY_UISupportedInterfaceOrientations_iPad = "UIInterfaceOrientationPortrait UIInterfaceOrientationPortraitUpsideDown UIInterfaceOrientationLandscapeLeft UIInterfaceOrientationLandscapeRight";
				INFOPLIST_KEY_UISupportedInterfaceOrientations_iPhone = "UIInterfaceOrientationPortrait UIInterfaceOrientationLandscapeLeft UIInterfaceOrientationLandscapeRight";
				IPHONEOS_DEPLOYMENT_TARGET = 15.4;
				LD_RUNPATH_SEARCH_PATHS = (
					"$(inherited)",
					"@executable_path/Frameworks",
				);
				MARKETING_VERSION = 1.0;
				PRODUCT_BUNDLE_IDENTIFIER = com.dantegarciaramirez.AllTrailsAtLunch;
				PRODUCT_NAME = "$(TARGET_NAME)";
				SWIFT_EMIT_LOC_STRINGS = YES;
				SWIFT_VERSION = 5.0;
				TARGETED_DEVICE_FAMILY = "1,2";
				VALIDATE_PRODUCT = NO;
				VALIDATE_WORKSPACE = NO;
			};
			name = Debug;
		};
		FEF6FADF283057D700CAFC5E /* Release */ = {
			isa = XCBuildConfiguration;
			baseConfigurationReference = 8B6F520B16280EAA5875215A /* Pods-AllTrailsAtLunch.release.xcconfig */;
			buildSettings = {
				ASSETCATALOG_COMPILER_APPICON_NAME = AppIcon;
				ASSETCATALOG_COMPILER_GLOBAL_ACCENT_COLOR_NAME = AccentColor;
				CODE_SIGN_STYLE = Automatic;
				CURRENT_PROJECT_VERSION = 1;
				DEVELOPMENT_TEAM = DTFVEX3HCR;
				"EXCLUDED_ARCHS[sdk=*]" = arm64;
				GENERATE_INFOPLIST_FILE = YES;
				INFOPLIST_FILE = AllTrailsAtLunch/Info.plist;
				INFOPLIST_KEY_UIApplicationSupportsIndirectInputEvents = YES;
				INFOPLIST_KEY_UILaunchStoryboardName = LaunchScreen;
				INFOPLIST_KEY_UIMainStoryboardFile = Main;
				INFOPLIST_KEY_UISupportedInterfaceOrientations_iPad = "UIInterfaceOrientationPortrait UIInterfaceOrientationPortraitUpsideDown UIInterfaceOrientationLandscapeLeft UIInterfaceOrientationLandscapeRight";
				INFOPLIST_KEY_UISupportedInterfaceOrientations_iPhone = "UIInterfaceOrientationPortrait UIInterfaceOrientationLandscapeLeft UIInterfaceOrientationLandscapeRight";
				IPHONEOS_DEPLOYMENT_TARGET = 15.4;
				LD_RUNPATH_SEARCH_PATHS = (
					"$(inherited)",
					"@executable_path/Frameworks",
				);
				MARKETING_VERSION = 1.0;
				PRODUCT_BUNDLE_IDENTIFIER = com.dantegarciaramirez.AllTrailsAtLunch;
				PRODUCT_NAME = "$(TARGET_NAME)";
				SWIFT_EMIT_LOC_STRINGS = YES;
				SWIFT_VERSION = 5.0;
				TARGETED_DEVICE_FAMILY = "1,2";
				VALIDATE_WORKSPACE = NO;
			};
			name = Release;
		};
/* End XCBuildConfiguration section */

/* Begin XCConfigurationList section */
		FEF6FAC4283057D600CAFC5E /* Build configuration list for PBXProject "AllTrailsAtLunch" */ = {
			isa = XCConfigurationList;
			buildConfigurations = (
				FEF6FADB283057D700CAFC5E /* Debug */,
				FEF6FADC283057D700CAFC5E /* Release */,
			);
			defaultConfigurationIsVisible = 0;
			defaultConfigurationName = Release;
		};
		FEF6FADD283057D700CAFC5E /* Build configuration list for PBXNativeTarget "AllTrailsAtLunch" */ = {
			isa = XCConfigurationList;
			buildConfigurations = (
				FEF6FADE283057D700CAFC5E /* Debug */,
				FEF6FADF283057D700CAFC5E /* Release */,
			);
			defaultConfigurationIsVisible = 0;
			defaultConfigurationName = Release;
		};
/* End XCConfigurationList section */
	};
	rootObject = FEF6FAC1283057D600CAFC5E /* Project object */;
}
